# This file is generated by running "yarn install" inside your project.
# Manual changes might be lost - proceed with caution!

__metadata:
  version: 4
  cacheKey: 7

"@types/ioredis@npm:^4.17.6":
  version: 4.17.6
  resolution: "@types/ioredis@npm:4.17.6"
  dependencies:
    "@types/node": "*"
  checksum: b4a2cac929f890319ebfc0fc52b23dbd0d586567e770554728b0a19219e00eaaba07fc6fdfe4ca2bf73f81d760185def3d2da2798d534262cb016d82ebde1f5a
  languageName: node
  linkType: hard

"@types/node@npm:*":
  version: 14.14.2
  resolution: "@types/node@npm:14.14.2"
  checksum: e6ad786008ec81e010525beb09067f31cc55a3a02120a7e383e21309c1422a0d4a56059c1da46716509e36dbd4d2c607790f3fd715275a09b9f3ffb2cf3b243e
  languageName: node
  linkType: hard

"aggregate-error@npm:^3.0.0":
  version: 3.1.0
  resolution: "aggregate-error@npm:3.1.0"
  dependencies:
    clean-stack: ^2.0.0
    indent-string: ^4.0.0
  checksum: 704d2001a303c185e9b836d211f7eef2f4557195a11c3271143b4dcda5f6f263abe746d9b8a06b5871d07870686c7db9c0b2c38e2d3cbc593784eaaee8a29043
  languageName: node
  linkType: hard

"clean-stack@npm:^2.0.0":
  version: 2.2.0
  resolution: "clean-stack@npm:2.2.0"
  checksum: e291ce2b8c8c59e6449ac9a7a726090264bea6696e5343b21385e16d279c808ca09d73a1abea8fd23a9b7699e6ef5ce582df203511f71c8c27666bf3b2e300c5
  languageName: node
  linkType: hard

"cluster-key-slot@npm:^1.1.0":
  version: 1.1.0
  resolution: "cluster-key-slot@npm:1.1.0"
  checksum: 3b41b06942f6b0df71029dec9df6a272be2ab78353d60fcdc5a4af3b88a749d7fb2d1d3b092db0108b2bdd104086c03edcaa3b25ef432590bb954981d6cd7715
  languageName: node
  linkType: hard

"debug@npm:^4.1.1":
  version: 4.3.0
  resolution: "debug@npm:4.3.0"
  dependencies:
    ms: 2.1.2
  peerDependenciesMeta:
    supports-color:
      optional: true
  checksum: 847d2760d1493cfaef53fb67d8943c6afaba30472d7527450c19919d230dde04f2275dd8dd5c2874c7103787c190d3b5d3dbc2ee7596a12d853a2ce35c4b8b1b
  languageName: node
  linkType: hard

"denque@npm:^1.1.0":
  version: 1.4.1
  resolution: "denque@npm:1.4.1"
  checksum: 174e81b3c9407b2149216d9e793fb91d901c19b1225dceefdafe32d5abeca243382ffee9bb111a1f60e42d2791b457d029bb57379d48404b2fb351bf700b6a8c
  languageName: node
  linkType: hard

"indent-string@npm:^4.0.0":
  version: 4.0.0
  resolution: "indent-string@npm:4.0.0"
  checksum: 3e54996c6e15ca00a7a4403be705bce4fb3bb4ac637da2e1473006e42a651863f53bfb8c3438c1b3aac77817768ac0cde0e7b7a81a6cf24a1286227a06510dbf
  languageName: node
  linkType: hard

"ioredis@npm:^4.19.0":
  version: 4.19.0
  resolution: "ioredis@npm:4.19.0"
  dependencies:
    cluster-key-slot: ^1.1.0
    debug: ^4.1.1
    denque: ^1.1.0
    lodash.defaults: ^4.2.0
    lodash.flatten: ^4.4.0
    p-map: ^4.0.0
    redis-commands: 1.6.0
    redis-errors: ^1.2.0
    redis-parser: ^3.0.0
    standard-as-callback: ^2.0.1
  checksum: bdfa661fc62108ad3bf12c48bec42f64e1a2d0e2affb1a4116447231169d7375d6ef15e904f4979ffe4f8e67aabfa90c10b74ba3a0186531ee7d602cf32c7fc2
  languageName: node
  linkType: hard

"lodash.defaults@npm:^4.2.0":
  version: 4.2.0
  resolution: "lodash.defaults@npm:4.2.0"
  checksum: fde72e71f7b7ece10c24e43dd601574168467d50bc76687302d40de341d5cb8e35b100105d938458747d2ad5f20d8bb736e62523ef39d1a8b40f7307c50f10ac
  languageName: node
  linkType: hard

"lodash.flatten@npm:^4.4.0":
  version: 4.4.0
  resolution: "lodash.flatten@npm:4.4.0"
  checksum: f22a7f6f163256d87345b07c76122e03d03abbf943b6c3aa5e5fafb7d5bce765013aedfc2aae7e649af0907287a2cf85de24237dbdd3ecd485a77d56e070b54c
  languageName: node
  linkType: hard

"ms@npm:2.1.2":
  version: 2.1.2
  resolution: "ms@npm:2.1.2"
  checksum: 9b65fb709bc30c0c07289dcbdb61ca032acbb9ea5698b55fa62e2cebb04c5953f1876a1f3f7f4bc2e91d4bf4d86003f3e207c3bc6ee2f716f99827e62389cd0e
  languageName: node
  linkType: hard

"p-map@npm:^4.0.0":
  version: 4.0.0
  resolution: "p-map@npm:4.0.0"
  dependencies:
    aggregate-error: ^3.0.0
  checksum: d51e630d72b7c38bc9e396710e7a068f0b813fe4db6f4a2d1ce2972e7fa11142c763c3aa39bcfd77c0133688c1ebfdd9b38fa3ac4c6ada20b62df26239c5c0e4
  languageName: node
  linkType: hard

"redis-commands@npm:1.6.0":
  version: 1.6.0
  resolution: "redis-commands@npm:1.6.0"
  checksum: 11ad01e57fab4927c7410817fcaaf71079d5b50ebb05f9b38ba5719b9461e7b78f7a3f1f8a6d352336a6af336ef4fdc9a21ff1abb5111890edb71d56634ff53f
  languageName: node
  linkType: hard

"redis-errors@npm:^1.0.0, redis-errors@npm:^1.2.0":
  version: 1.2.0
  resolution: "redis-errors@npm:1.2.0"
  checksum: b260bb64a1c8523d32a56701681ac3e5cc6bb0a4eb09f1d30729ebba397021d274216ff189909c08fe3c6b706ec8b74948e20ea410b6f69d31b35bda3fb82a59
  languageName: node
  linkType: hard

"redis-parser@npm:^3.0.0":
  version: 3.0.0
  resolution: "redis-parser@npm:3.0.0"
  dependencies:
    redis-errors: ^1.0.0
  checksum: 45dbcb05bed2c80a4aac288bbefed2347ecf3508c24d542ab42efa21fd63b5aaca4208b206f05818835a2ac43abe09250c2638c11c3b0b66a5d67e83985e350f
  languageName: node
  linkType: hard

"serverless-ioredis@workspace:.":
  version: 0.0.0-use.local
  resolution: "serverless-ioredis@workspace:."
  dependencies:
    "@types/ioredis": ^4.17.6
    ioredis: ^4.19.0
    typescript: ^4.0.3
  languageName: unknown
  linkType: soft

"standard-as-callback@npm:^2.0.1":
  version: 2.0.1
  resolution: "standard-as-callback@npm:2.0.1"
  checksum: 58a0ddb90d674f6af7e099c1fedd339276e98a218fd88f1a6134a4910c5ff8d272815cf8cc758b2d61fa3f523853c8fa6ef3cb0692912e7ff35870dedffa8ffc
  languageName: node
  linkType: hard

typescript@^4.0.3:
  version: 4.0.3
  resolution: "typescript@npm:4.0.3"
  bin:
    tsc: bin/tsc
    tsserver: bin/tsserver
  checksum: 5c892e132756a83d22030d7fb38be47cde27613f71d233dbe7faf79e4a92852c5146bfddcaf8c2da1a37d35ae8bf7b8c888fdcd763d5ad184cea6b21e7466838
  languageName: node
  linkType: hard

"typescript@patch:typescript@^4.0.3#builtin<compat/typescript>":
  version: 4.0.3
  resolution: "typescript@patch:typescript@npm%3A4.0.3#builtin<compat/typescript>::version=4.0.3&hash=5bf698"
  bin:
    tsc: bin/tsc
    tsserver: bin/tsserver
  checksum: 72db87d09f728c83062d64b5e12ed52effb6278963b6bc5c006219b22c104e02b8ce80164261de554923d3c47d894a1ca937ed542328caccb83ebaedeae98a69
  languageName: node
  linkType: hard
